
Microsoft Visual Studio Solution File, Format Version 12.00
# Visual Studio Version 16
VisualStudioVersion = 16.0.30907.101
MinimumVisualStudioVersion = 10.0.40219.1
Project("{FAE04EC0-301F-11D3-BF4B-00C04F79EFBC}") = "reproductor", "reproductor\reproductor.csproj", "{3A73DD9D-9D34-4934-A98E-F641039BEEF3}"
EndProject
Global
	GlobalSection(SolutionConfigurationPlatforms) = preSolution
		Debug|Any CPU = Debug|Any CPU
		Release|Any CPU = Release|Any CPU
	EndGlobalSection
	GlobalSection(ProjectConfigurationPlatforms) = postSolution
		{3A73DD9D-9D34-4934-A98E-F641039BEEF3}.Debug|Any CPU.ActiveCfg = Debug|Any CPU
		{3A73DD9D-9D34-4934-A98E-F641039BEEF3}.Debug|Any CPU.Build.0 = Debug|Any CPU
		{3A73DD9D-9D34-4934-A98E-F641039BEEF3}.Release|Any CPU.ActiveCfg = Release|Any CPU
		{3A73DD9D-9D34-4934-A98E-F641039BEEF3}.Release|Any CPU.Build.0 = Release|Any CPU
	EndGlobalSection
	GlobalSection(SolutionProperties) = preSolution
		HideSolutionNode = FALSE
	EndGlobalSection
	GlobalSection(ExtensibilityGlobals) = postSolution
		SolutionGuid = {490C1F92-6661-4E77-82F9-6923136A13A6}
	EndGlobalSection
EndGlobal
